
Microsoft Visual Studio Solution File, Format Version 12.00
# Visual Studio Version 17
VisualStudioVersion = 17.8.34330.188
MinimumVisualStudioVersion = 10.0.40219.1
Project("{FAE04EC0-301F-11D3-BF4B-00C04F79EFBC}") = "Resterurnt Delevery online", "Resterurnt Delevery online\Resterurnt Delevery online.csproj", "{6393E906-A150-420E-8865-70A8E0A25BAB}"
EndProject
Global
	GlobalSection(SolutionConfigurationPlatforms) = preSolution
		Debug|Any CPU = Debug|Any CPU
		Release|Any CPU = Release|Any CPU
	EndGlobalSection
	GlobalSection(ProjectConfigurationPlatforms) = postSolution
		{6393E906-A150-420E-8865-70A8E0A25BAB}.Debug|Any CPU.ActiveCfg = Debug|Any CPU
		{6393E906-A150-420E-8865-70A8E0A25BAB}.Debug|Any CPU.Build.0 = Debug|Any CPU
		{6393E906-A150-420E-8865-70A8E0A25BAB}.Release|Any CPU.ActiveCfg = Release|Any CPU
		{6393E906-A150-420E-8865-70A8E0A25BAB}.Release|Any CPU.Build.0 = Release|Any CPU
	EndGlobalSection
	GlobalSection(SolutionProperties) = preSolution
		HideSolutionNode = FALSE
	EndGlobalSection
	GlobalSection(ExtensibilityGlobals) = postSolution
		SolutionGuid = {68EE954B-967C-4A05-97C3-DE8A9F25BF8C}
	EndGlobalSection
EndGlobal
